{
  "name": "miao-platform",
  "version": "0.2.0",
  "lockfileVersion": 3,
  "requires": true,
  "packages": {
    "": {
      "name": "miao-platform",
      "version": "0.2.0",
      "dependencies": {
        "libfx": "0.0.11"
      }
    },
    "node_modules/libfx": {
      "version": "0.0.11",
      "resolved": "https://registry.npmjs.org/libfx/-/libfx-0.0.11.tgz",
      "integrity": "sha512-4mHqeiSliMKeV6wBlIEiMi1YZALI2CuoJi3q8f4AbBzLsK6GPbVtLOJuyESc3N0oeVnmjUcEKBlEbRH1zBv7kQ==",
      "license": "Apache-2.0",
      "engines": {
        "node": ">=20"
      }
    }
  }
}
